{
  "requires": true,
  "lockfileVersion": 1,
  "dependencies": {
    "@types/node": {
      "version": "14.11.4",
      "resolved": "https://registry.npmjs.org/@types/node/-/node-14.11.4.tgz",
      "integrity": "sha512-KmoLCUeW2cWKkEOQ0gQcECuqOc0g7B7zcmRPQNMT4ntNm0luKv3BTLcqIyWpTxkhLDzLTdMus11j/6DROaZdPw==",
      "dev": true
    }
  }
}
